
Microsoft Visual Studio Solution File, Format Version 12.00
# Visual Studio 2012
Project("{8BC9CEB8-8B4A-11D0-8D11-00A0C91BC942}") = "NSass.LibSass", "NSass.LibSass\NSass.LibSass.vcxproj", "{3A1CF114-A5C0-4BA2-8C0D-47001E361718}"
EndProject
Project("{8BC9CEB8-8B4A-11D0-8D11-00A0C91BC942}") = "NSass.Wrapper", "NSass.Wrapper\NSass.Wrapper.vcxproj", "{E8F67215-DF8D-43A2-AC03-F7E79B863095}"
EndProject
Project("{FAE04EC0-301F-11D3-BF4B-00C04F79EFBC}") = "NSass.Core", "NSass.Core\NSass.Core.csproj", "{8C59FFCA-D91C-4477-9F74-F4FC07DC9C48}"
	ProjectSection(ProjectDependencies) = postProject
		{E8F67215-DF8D-43A2-AC03-F7E79B863095} = {E8F67215-DF8D-43A2-AC03-F7E79B863095}
	EndProjectSection
EndProject
Project("{FAE04EC0-301F-11D3-BF4B-00C04F79EFBC}") = "NSass.Handler", "NSass.Handler\NSass.Handler.csproj", "{F5CC1718-8761-426C-9929-8ACA1D6E8CE7}"
EndProject
Global
	GlobalSection(SolutionConfigurationPlatforms) = preSolution
		Debug|Any CPU = Debug|Any CPU
		Debug|Mixed Platforms = Debug|Mixed Platforms
		Debug|Win32 = Debug|Win32
		Debug|x64 = Debug|x64
		Release|Any CPU = Release|Any CPU
		Release|Mixed Platforms = Release|Mixed Platforms
		Release|Win32 = Release|Win32
		Release|x64 = Release|x64
	EndGlobalSection
	GlobalSection(ProjectConfigurationPlatforms) = postSolution
		{3A1CF114-A5C0-4BA2-8C0D-47001E361718}.Debug|Any CPU.ActiveCfg = Debug|Win32
		{3A1CF114-A5C0-4BA2-8C0D-47001E361718}.Debug|Any CPU.Build.0 = Debug|Win32
		{3A1CF114-A5C0-4BA2-8C0D-47001E361718}.Debug|Mixed Platforms.ActiveCfg = Debug|Win32
		{3A1CF114-A5C0-4BA2-8C0D-47001E361718}.Debug|Mixed Platforms.Build.0 = Debug|Win32
		{3A1CF114-A5C0-4BA2-8C0D-47001E361718}.Debug|Win32.ActiveCfg = Debug|Win32
		{3A1CF114-A5C0-4BA2-8C0D-47001E361718}.Debug|Win32.Build.0 = Debug|Win32
		{3A1CF114-A5C0-4BA2-8C0D-47001E361718}.Debug|x64.ActiveCfg = Debug|x64
		{3A1CF114-A5C0-4BA2-8C0D-47001E361718}.Debug|x64.Build.0 = Debug|x64
		{3A1CF114-A5C0-4BA2-8C0D-47001E361718}.Release|Any CPU.ActiveCfg = Release|Win32
		{3A1CF114-A5C0-4BA2-8C0D-47001E361718}.Release|Mixed Platforms.ActiveCfg = Release|Win32
		{3A1CF114-A5C0-4BA2-8C0D-47001E361718}.Release|Mixed Platforms.Build.0 = Release|Win32
		{3A1CF114-A5C0-4BA2-8C0D-47001E361718}.Release|Win32.ActiveCfg = Release|Win32
		{3A1CF114-A5C0-4BA2-8C0D-47001E361718}.Release|Win32.Build.0 = Release|Win32
		{3A1CF114-A5C0-4BA2-8C0D-47001E361718}.Release|x64.ActiveCfg = Release|x64
		{3A1CF114-A5C0-4BA2-8C0D-47001E361718}.Release|x64.Build.0 = Release|x64
		{E8F67215-DF8D-43A2-AC03-F7E79B863095}.Debug|Any CPU.ActiveCfg = Debug|Win32
		{E8F67215-DF8D-43A2-AC03-F7E79B863095}.Debug|Any CPU.Build.0 = Debug|Win32
		{E8F67215-DF8D-43A2-AC03-F7E79B863095}.Debug|Mixed Platforms.ActiveCfg = Debug|Win32
		{E8F67215-DF8D-43A2-AC03-F7E79B863095}.Debug|Mixed Platforms.Build.0 = Debug|Win32
		{E8F67215-DF8D-43A2-AC03-F7E79B863095}.Debug|Win32.ActiveCfg = Debug|Win32
		{E8F67215-DF8D-43A2-AC03-F7E79B863095}.Debug|Win32.Build.0 = Debug|Win32
		{E8F67215-DF8D-43A2-AC03-F7E79B863095}.Debug|x64.ActiveCfg = Debug|x64
		{E8F67215-DF8D-43A2-AC03-F7E79B863095}.Debug|x64.Build.0 = Debug|x64
		{E8F67215-DF8D-43A2-AC03-F7E79B863095}.Release|Any CPU.ActiveCfg = Release|Win32
		{E8F67215-DF8D-43A2-AC03-F7E79B863095}.Release|Mixed Platforms.ActiveCfg = Release|Win32
		{E8F67215-DF8D-43A2-AC03-F7E79B863095}.Release|Mixed Platforms.Build.0 = Release|Win32
		{E8F67215-DF8D-43A2-AC03-F7E79B863095}.Release|Win32.ActiveCfg = Release|Win32
		{E8F67215-DF8D-43A2-AC03-F7E79B863095}.Release|Win32.Build.0 = Release|Win32
		{E8F67215-DF8D-43A2-AC03-F7E79B863095}.Release|x64.ActiveCfg = Release|x64
		{E8F67215-DF8D-43A2-AC03-F7E79B863095}.Release|x64.Build.0 = Release|x64
		{8C59FFCA-D91C-4477-9F74-F4FC07DC9C48}.Debug|Any CPU.ActiveCfg = Debug|Any CPU
		{8C59FFCA-D91C-4477-9F74-F4FC07DC9C48}.Debug|Any CPU.Build.0 = Debug|Any CPU
		{8C59FFCA-D91C-4477-9F74-F4FC07DC9C48}.Debug|Mixed Platforms.ActiveCfg = Debug|Any CPU
		{8C59FFCA-D91C-4477-9F74-F4FC07DC9C48}.Debug|Mixed Platforms.Build.0 = Debug|Any CPU
		{8C59FFCA-D91C-4477-9F74-F4FC07DC9C48}.Debug|Win32.ActiveCfg = Debug|Any CPU
		{8C59FFCA-D91C-4477-9F74-F4FC07DC9C48}.Debug|x64.ActiveCfg = Debug|Any CPU
		{8C59FFCA-D91C-4477-9F74-F4FC07DC9C48}.Release|Any CPU.ActiveCfg = Release|Any CPU
		{8C59FFCA-D91C-4477-9F74-F4FC07DC9C48}.Release|Any CPU.Build.0 = Release|Any CPU
		{8C59FFCA-D91C-4477-9F74-F4FC07DC9C48}.Release|Mixed Platforms.ActiveCfg = Release|Any CPU
		{8C59FFCA-D91C-4477-9F74-F4FC07DC9C48}.Release|Mixed Platforms.Build.0 = Release|Any CPU
		{8C59FFCA-D91C-4477-9F74-F4FC07DC9C48}.Release|Win32.ActiveCfg = Release|Any CPU
		{8C59FFCA-D91C-4477-9F74-F4FC07DC9C48}.Release|x64.ActiveCfg = Release|Any CPU
		{F5CC1718-8761-426C-9929-8ACA1D6E8CE7}.Debug|Any CPU.ActiveCfg = Debug|Any CPU
		{F5CC1718-8761-426C-9929-8ACA1D6E8CE7}.Debug|Any CPU.Build.0 = Debug|Any CPU
		{F5CC1718-8761-426C-9929-8ACA1D6E8CE7}.Debug|Mixed Platforms.ActiveCfg = Debug|Any CPU
		{F5CC1718-8761-426C-9929-8ACA1D6E8CE7}.Debug|Mixed Platforms.Build.0 = Debug|Any CPU
		{F5CC1718-8761-426C-9929-8ACA1D6E8CE7}.Debug|Win32.ActiveCfg = Debug|Any CPU
		{F5CC1718-8761-426C-9929-8ACA1D6E8CE7}.Debug|x64.ActiveCfg = Debug|Any CPU
		{F5CC1718-8761-426C-9929-8ACA1D6E8CE7}.Release|Any CPU.ActiveCfg = Release|Any CPU
		{F5CC1718-8761-426C-9929-8ACA1D6E8CE7}.Release|Any CPU.Build.0 = Release|Any CPU
		{F5CC1718-8761-426C-9929-8ACA1D6E8CE7}.Release|Mixed Platforms.ActiveCfg = Release|Any CPU
		{F5CC1718-8761-426C-9929-8ACA1D6E8CE7}.Release|Mixed Platforms.Build.0 = Release|Any CPU
		{F5CC1718-8761-426C-9929-8ACA1D6E8CE7}.Release|Win32.ActiveCfg = Release|Any CPU
		{F5CC1718-8761-426C-9929-8ACA1D6E8CE7}.Release|x64.ActiveCfg = Release|Any CPU
	EndGlobalSection
	GlobalSection(SolutionProperties) = preSolution
		HideSolutionNode = FALSE
	EndGlobalSection
EndGlobal
