<?xml version="1.0" encoding="utf-8"?>
<Project ToolsVersion="4.0" xmlns="http://schemas.microsoft.com/developer/msbuild/2003">
  <ItemGroup>
    <Filter Include="Resources">
      <UniqueIdentifier>{67DA6AB6-F800-4c08-8B7A-83BB121AAD01}</UniqueIdentifier>
      <Extensions>rc;ico;cur;bmp;dlg;rc2;rct;bin;rgs;gif;jpg;jpeg;jpe;resx;tiff;tif;png;wav;mfcribbon-ms</Extensions>
    </Filter>
    <Filter Include="Headers">
      <UniqueIdentifier>{93995380-89BD-4b04-88EB-625FBE52EBFB}</UniqueIdentifier>
      <Extensions>h;hh;hpp;hxx;hm;in;inl;inc;xsd</Extensions>
    </Filter>
    <Filter Include="Sources">
      <UniqueIdentifier>{4FC737F1-C7A5-4376-A066-2A32D752A2FF}</UniqueIdentifier>
      <Extensions>cpp;c;cc;cxx;def;odl;idl;hpj;bat;asm;asmx</Extensions>
    </Filter>
  </ItemGroup>
  <ItemGroup Label="Includes">
    <ClInclude Include="$(LIBSASS_INCLUDES_DIR)\sass.h">
      <Filter>LibSass Headers</Filter>
    </ClInclude>
    <ClInclude Include="$(LIBSASS_INCLUDES_DIR)\sass/base.h">
      <Filter>LibSass Headers</Filter>
    </ClInclude>
    <ClInclude Include="$(LIBSASS_INCLUDES_DIR)\sass/fwdecl.h">
      <Filter>LibSass Headers</Filter>
    </ClInclude>
    <ClInclude Include="$(LIBSASS_INCLUDES_DIR)\sass/enums.h">
      <Filter>LibSass Headers</Filter>
    </ClInclude>
    <ClInclude Include="$(LIBSASS_INCLUDES_DIR)\sass/values.h">
      <Filter>LibSass Headers</Filter>
    </ClInclude>
    <ClInclude Include="$(LIBSASS_INCLUDES_DIR)\sass/version.h">
      <Filter>LibSass Headers</Filter>
    </ClInclude>
    <ClInclude Include="$(LIBSASS_INCLUDES_DIR)\sass/context.h">
      <Filter>LibSass Headers</Filter>
    </ClInclude>
    <ClInclude Include="$(LIBSASS_INCLUDES_DIR)\sass/function.h">
      <Filter>LibSass Headers</Filter>
    </ClInclude>
  </ItemGroup>
  <ItemGroup Label="Headers">
    <ClInclude Include="$(LIBSASS_INCLUDES_DIR)\ast.hpp">
      <Filter>Library Includes</Filter>
    </ClInclude>
    <ClInclude Include="$(LIBSASS_INCLUDES_DIR)\ast_css.hpp">
      <Filter>Library Includes</Filter>
    </ClInclude>
    <ClInclude Include="$(LIBSASS_INCLUDES_DIR)\ast_nodes.hpp">
      <Filter>Library Includes</Filter>
    </ClInclude>
    <ClInclude Include="$(LIBSASS_INCLUDES_DIR)\ast_def_macros.hpp">
      <Filter>Library Includes</Filter>
    </ClInclude>
    <ClInclude Include="$(LIBSASS_INCLUDES_DIR)\ast_fwd_decl.hpp">
      <Filter>Library Includes</Filter>
    </ClInclude>
    <ClInclude Include="$(LIBSASS_INCLUDES_DIR)\ast_helpers.hpp">
      <Filter>Library Includes</Filter>
    </ClInclude>
    <ClInclude Include="$(LIBSASS_INCLUDES_DIR)\ast_selectors.hpp">
      <Filter>Library Includes</Filter>
    </ClInclude>
    <ClInclude Include="$(LIBSASS_INCLUDES_DIR)\ast_containers.hpp">
      <Filter>Library Includes</Filter>
    </ClInclude>
    <ClInclude Include="$(LIBSASS_INCLUDES_DIR)\ast_supports.hpp">
      <Filter>Library Includes</Filter>
    </ClInclude>
    <ClInclude Include="$(LIBSASS_INCLUDES_DIR)\ast_callables.hpp">
      <Filter>Library Includes</Filter>
    </ClInclude>
    <ClInclude Include="$(LIBSASS_INCLUDES_DIR)\ast_statements.hpp">
      <Filter>Library Includes</Filter>
    </ClInclude>
    <ClInclude Include="$(LIBSASS_INCLUDES_DIR)\ast_expressions.hpp">
      <Filter>Library Includes</Filter>
    </ClInclude>
    <ClInclude Include="$(LIBSASS_INCLUDES_DIR)\ast_values.hpp">
      <Filter>Library Includes</Filter>
    </ClInclude>
    <ClInclude Include="$(LIBSASS_INCLUDES_DIR)\backtrace.hpp">
      <Filter>Library Includes</Filter>
    </ClInclude>
    <ClInclude Include="$(LIBSASS_INCLUDES_DIR)\base64vlq.hpp">
      <Filter>Library Includes</Filter>
    </ClInclude>
    <ClInclude Include="$(LIBSASS_INCLUDES_DIR)\character.hpp">
      <Filter>Library Includes</Filter>
    </ClInclude>
    <ClInclude Include="$(LIBSASS_INCLUDES_DIR)\charcode.hpp">
      <Filter>Library Includes</Filter>
    </ClInclude>
    <ClInclude Include="$(LIBSASS_INCLUDES_DIR)\color_maps.hpp">
      <Filter>Library Includes</Filter>
    </ClInclude>
    <ClInclude Include="$(LIBSASS_INCLUDES_DIR)\constants.hpp">
      <Filter>Library Includes</Filter>
    </ClInclude>
    <ClInclude Include="$(LIBSASS_INCLUDES_DIR)\context.hpp">
      <Filter>Library Includes</Filter>
    </ClInclude>
    <ClInclude Include="$(LIBSASS_INCLUDES_DIR)\cssize.hpp">
      <Filter>Library Includes</Filter>
    </ClInclude>
    <ClInclude Include="$(LIBSASS_INCLUDES_DIR)\dart_helpers.hpp">
      <Filter>Library Includes</Filter>
    </ClInclude>
    <ClInclude Include="$(LIBSASS_INCLUDES_DIR)\debugger.hpp">
      <Filter>Library Includes</Filter>
    </ClInclude>
    <ClInclude Include="$(LIBSASS_INCLUDES_DIR)\emitter.hpp">
      <Filter>Library Includes</Filter>
    </ClInclude>
    <ClInclude Include="$(LIBSASS_INCLUDES_DIR)\environment.hpp">
      <Filter>Library Includes</Filter>
    </ClInclude>
    <ClInclude Include="$(LIBSASS_INCLUDES_DIR)\exceptions.hpp">
      <Filter>Library Includes</Filter>
    </ClInclude>
    <ClInclude Include="$(LIBSASS_INCLUDES_DIR)\memory.hpp">
      <Filter>Library Includes</Filter>
    </ClInclude>
    <ClInclude Include="$(LIBSASS_INCLUDES_DIR)\memory/config.hpp">
      <Filter>Library Includes</Filter>
    </ClInclude>
    <ClInclude Include="$(LIBSASS_INCLUDES_DIR)\memory/allocator.hpp">
      <Filter>Library Includes</Filter>
    </ClInclude>
    <ClInclude Include="$(LIBSASS_INCLUDES_DIR)\memory/shared_ptr.hpp">
      <Filter>Library Includes</Filter>
    </ClInclude>
    <ClInclude Include="$(LIBSASS_INCLUDES_DIR)\memory/memory_pool.hpp">
      <Filter>Library Includes</Filter>
    </ClInclude>
    <ClInclude Include="$(LIBSASS_INCLUDES_DIR)\MurmurHash2.hpp">
      <Filter>Library Includes</Filter>
    </ClInclude>
    <ClInclude Include="$(LIBSASS_INCLUDES_DIR)\eval.hpp">
      <Filter>Library Includes</Filter>
    </ClInclude>
    <ClInclude Include="$(LIBSASS_INCLUDES_DIR)\extender.hpp">
      <Filter>Library Includes</Filter>
    </ClInclude>
    <ClInclude Include="$(LIBSASS_INCLUDES_DIR)\extension.hpp">
      <Filter>Library Includes</Filter>
    </ClInclude>
    <ClInclude Include="$(LIBSASS_INCLUDES_DIR)\file.hpp">
      <Filter>Library Includes</Filter>
    </ClInclude>
    <ClInclude Include="$(LIBSASS_INCLUDES_DIR)\compiler.hpp">
      <Filter>Library Includes</Filter>
    </ClInclude>
    <ClInclude Include="$(LIBSASS_INCLUDES_DIR)\fn_colors.hpp">
      <Filter>Library Includes</Filter>
    </ClInclude>
    <ClInclude Include="$(LIBSASS_INCLUDES_DIR)\fn_lists.hpp">
      <Filter>Library Includes</Filter>
    </ClInclude>
    <ClInclude Include="$(LIBSASS_INCLUDES_DIR)\fn_maps.hpp">
      <Filter>Library Includes</Filter>
    </ClInclude>
    <ClInclude Include="$(LIBSASS_INCLUDES_DIR)\fn_meta.hpp">
      <Filter>Library Includes</Filter>
    </ClInclude>
    <ClInclude Include="$(LIBSASS_INCLUDES_DIR)\fn_numbers.hpp">
      <Filter>Library Includes</Filter>
    </ClInclude>
    <ClInclude Include="$(LIBSASS_INCLUDES_DIR)\fn_selectors.hpp">
      <Filter>Library Includes</Filter>
    </ClInclude>
    <ClInclude Include="$(LIBSASS_INCLUDES_DIR)\fn_texts.hpp">
      <Filter>Library Includes</Filter>
    </ClInclude>
    <ClInclude Include="$(LIBSASS_INCLUDES_DIR)\fn_utils.hpp">
      <Filter>Library Includes</Filter>
    </ClInclude>
    <ClInclude Include="$(LIBSASS_INCLUDES_DIR)\strings.hpp">
      <Filter>Library Includes</Filter>
    </ClInclude>
    <ClInclude Include="$(LIBSASS_INCLUDES_DIR)\inspect.hpp">
      <Filter>Library Includes</Filter>
    </ClInclude>
    <ClInclude Include="$(LIBSASS_INCLUDES_DIR)\terminal.hpp">
      <Filter>Library Includes</Filter>
    </ClInclude>
    <ClInclude Include="$(LIBSASS_INCLUDES_DIR)\interpolation.hpp">
      <Filter>Library Includes</Filter>
    </ClInclude>
    <ClInclude Include="$(LIBSASS_INCLUDES_DIR)\logger.hpp">
      <Filter>Library Includes</Filter>
    </ClInclude>
    <ClInclude Include="$(LIBSASS_INCLUDES_DIR)\json.hpp">
      <Filter>Library Includes</Filter>
    </ClInclude>
    <ClInclude Include="$(LIBSASS_INCLUDES_DIR)\kwd_arg_macros.hpp">
      <Filter>Library Includes</Filter>
    </ClInclude>
    <ClInclude Include="$(LIBSASS_INCLUDES_DIR)\randomize.hpp">
      <Filter>Library Includes</Filter>
    </ClInclude>
    <ClInclude Include="$(LIBSASS_INCLUDES_DIR)\mapping.hpp">
      <Filter>Library Includes</Filter>
    </ClInclude>
    <ClInclude Include="$(LIBSASS_INCLUDES_DIR)\ordered_map.hpp">
      <Filter>Library Includes</Filter>
    </ClInclude>
    <ClInclude Include="$(LIBSASS_INCLUDES_DIR)\source.hpp">
      <Filter>Library Includes</Filter>
    </ClInclude>
    <ClInclude Include="$(LIBSASS_INCLUDES_DIR)\output.hpp">
      <Filter>Library Includes</Filter>
    </ClInclude>
    <ClInclude Include="$(LIBSASS_INCLUDES_DIR)\parser.hpp">
      <Filter>Library Includes</Filter>
    </ClInclude>
    <ClInclude Include="$(LIBSASS_INCLUDES_DIR)\parser_base.hpp">
      <Filter>Library Includes</Filter>
    </ClInclude>
    <ClInclude Include="$(LIBSASS_INCLUDES_DIR)\parser_css.hpp">
      <Filter>Library Includes</Filter>
    </ClInclude>
    <ClInclude Include="$(LIBSASS_INCLUDES_DIR)\parser_expression.hpp">
      <Filter>Library Includes</Filter>
    </ClInclude>
    <ClInclude Include="$(LIBSASS_INCLUDES_DIR)\parser_media_query.hpp">
      <Filter>Library Includes</Filter>
    </ClInclude>
    <ClInclude Include="$(LIBSASS_INCLUDES_DIR)\parser_at_root_query.hpp">
      <Filter>Library Includes</Filter>
    </ClInclude>
    <ClInclude Include="$(LIBSASS_INCLUDES_DIR)\parser_keyframe_selector.hpp">
      <Filter>Library Includes</Filter>
    </ClInclude>
    <ClInclude Include="$(LIBSASS_INCLUDES_DIR)\parser_sass.hpp">
      <Filter>Library Includes</Filter>
    </ClInclude>
    <ClInclude Include="$(LIBSASS_INCLUDES_DIR)\parser_scss.hpp">
      <Filter>Library Includes</Filter>
    </ClInclude>
    <ClInclude Include="$(LIBSASS_INCLUDES_DIR)\parser_selector.hpp">
      <Filter>Library Includes</Filter>
    </ClInclude>
    <ClInclude Include="$(LIBSASS_INCLUDES_DIR)\parser_stylesheet.hpp">
      <Filter>Library Includes</Filter>
    </ClInclude>
    <ClInclude Include="$(LIBSASS_INCLUDES_DIR)\permutate.hpp">
      <Filter>Library Includes</Filter>
    </ClInclude>
    <ClInclude Include="$(LIBSASS_INCLUDES_DIR)\plugins.hpp">
      <Filter>Library Includes</Filter>
    </ClInclude>
    <ClInclude Include="$(LIBSASS_INCLUDES_DIR)\offset.hpp">
      <Filter>Library Includes</Filter>
    </ClInclude>
    <ClInclude Include="$(LIBSASS_INCLUDES_DIR)\remove_placeholders.hpp">
      <Filter>Library Includes</Filter>
    </ClInclude>
    <ClInclude Include="$(LIBSASS_INCLUDES_DIR)\capi_sass.hpp">
      <Filter>Library Includes</Filter>
    </ClInclude>
    <ClInclude Include="$(LIBSASS_INCLUDES_DIR)\capi_base.hpp">
      <Filter>Library Includes</Filter>
    </ClInclude>
    <ClInclude Include="$(LIBSASS_INCLUDES_DIR)\capi_list.hpp">
      <Filter>Library Includes</Filter>
    </ClInclude>
    <ClInclude Include="$(LIBSASS_INCLUDES_DIR)\capi_error.hpp">
      <Filter>Library Includes</Filter>
    </ClInclude>
    <ClInclude Include="$(LIBSASS_INCLUDES_DIR)\capi_context.hpp">
      <Filter>Library Includes</Filter>
    </ClInclude>
    <ClInclude Include="$(LIBSASS_INCLUDES_DIR)\capi_compiler.hpp">
      <Filter>Library Includes</Filter>
    </ClInclude>
    <ClInclude Include="$(LIBSASS_INCLUDES_DIR)\capi_functions.hpp">
      <Filter>Library Includes</Filter>
    </ClInclude>
    <ClInclude Include="$(LIBSASS_INCLUDES_DIR)\capi_values.hpp">
      <Filter>Library Includes</Filter>
    </ClInclude>
    <ClInclude Include="$(LIBSASS_INCLUDES_DIR)\scanner_string.hpp">
      <Filter>Library Includes</Filter>
    </ClInclude>
    <ClInclude Include="$(LIBSASS_INCLUDES_DIR)\source_map.hpp">
      <Filter>Library Includes</Filter>
    </ClInclude>
    <ClInclude Include="$(LIBSASS_INCLUDES_DIR)\source_state.hpp">
      <Filter>Library Includes</Filter>
    </ClInclude>
    <ClInclude Include="$(LIBSASS_INCLUDES_DIR)\source_span.hpp">
      <Filter>Library Includes</Filter>
    </ClInclude>
    <ClInclude Include="$(LIBSASS_INCLUDES_DIR)\stylesheet.hpp">
      <Filter>Library Includes</Filter>
    </ClInclude>
    <ClInclude Include="$(LIBSASS_INCLUDES_DIR)\units.hpp">
      <Filter>Library Includes</Filter>
    </ClInclude>
    <ClInclude Include="$(LIBSASS_INCLUDES_DIR)\unicode.hpp">
      <Filter>Library Includes</Filter>
    </ClInclude>
    <ClInclude Include="$(LIBSASS_INCLUDES_DIR)\util_string.hpp">
      <Filter>Library Includes</Filter>
    </ClInclude>
    <ClInclude Include="$(LIBSASS_INCLUDES_DIR)\visitor_css.hpp">
      <Filter>Library Includes</Filter>
    </ClInclude>
    <ClInclude Include="$(LIBSASS_INCLUDES_DIR)\visitor_expression.hpp">
      <Filter>Library Includes</Filter>
    </ClInclude>
    <ClInclude Include="$(LIBSASS_INCLUDES_DIR)\visitor_selector.hpp">
      <Filter>Library Includes</Filter>
    </ClInclude>
    <ClInclude Include="$(LIBSASS_INCLUDES_DIR)\visitor_statement.hpp">
      <Filter>Library Includes</Filter>
    </ClInclude>
    <ClInclude Include="$(LIBSASS_INCLUDES_DIR)\visitor_value.hpp">
      <Filter>Library Includes</Filter>
    </ClInclude>
    <ClInclude Include="$(LIBSASS_INCLUDES_DIR)\string_utils.hpp">
      <Filter>Library Includes</Filter>
    </ClInclude>
    <ClInclude Include="$(LIBSASS_INCLUDES_DIR)\callstack.hpp">
      <Filter>Library Includes</Filter>
    </ClInclude>
    <ClInclude Include="$(LIBSASS_INCLUDES_DIR)\environment_cnt.hpp">
      <Filter>Library Includes</Filter>
    </ClInclude>
    <ClInclude Include="$(LIBSASS_INCLUDES_DIR)\environment_key.hpp">
      <Filter>Library Includes</Filter>
    </ClInclude>
    <ClInclude Include="$(LIBSASS_INCLUDES_DIR)\environment_stack.hpp">
      <Filter>Library Includes</Filter>
    </ClInclude>
  </ItemGroup>
  <ItemGroup Label="Sources">
    <ClCompile Include="$(LIBSASS_SRC_DIR)\ast.cpp">
      <Filter>LibSass Sources</Filter>
    </ClCompile>
    <ClCompile Include="$(LIBSASS_SRC_DIR)\ast_css.cpp">
      <Filter>LibSass Sources</Filter>
    </ClCompile>
    <ClCompile Include="$(LIBSASS_SRC_DIR)\ast_nodes.cpp">
      <Filter>LibSass Sources</Filter>
    </ClCompile>
    <ClCompile Include="$(LIBSASS_SRC_DIR)\ast_values.cpp">
      <Filter>LibSass Sources</Filter>
    </ClCompile>
    <ClCompile Include="$(LIBSASS_SRC_DIR)\ast_supports.cpp">
      <Filter>LibSass Sources</Filter>
    </ClCompile>
    <ClCompile Include="$(LIBSASS_SRC_DIR)\ast_callables.cpp">
      <Filter>LibSass Sources</Filter>
    </ClCompile>
    <ClCompile Include="$(LIBSASS_SRC_DIR)\ast_statements.cpp">
      <Filter>LibSass Sources</Filter>
    </ClCompile>
    <ClCompile Include="$(LIBSASS_SRC_DIR)\ast_expressions.cpp">
      <Filter>LibSass Sources</Filter>
    </ClCompile>
    <ClCompile Include="$(LIBSASS_SRC_DIR)\ast_sel_cmp.cpp">
      <Filter>LibSass Sources</Filter>
    </ClCompile>
    <ClCompile Include="$(LIBSASS_SRC_DIR)\ast_sel_unify.cpp">
      <Filter>LibSass Sources</Filter>
    </ClCompile>
    <ClCompile Include="$(LIBSASS_SRC_DIR)\ast_sel_super.cpp">
      <Filter>LibSass Sources</Filter>
    </ClCompile>
    <ClCompile Include="$(LIBSASS_SRC_DIR)\ast_sel_weave.cpp">
      <Filter>LibSass Sources</Filter>
    </ClCompile>
    <ClCompile Include="$(LIBSASS_SRC_DIR)\ast_selectors.cpp">
      <Filter>LibSass Sources</Filter>
    </ClCompile>
    <ClCompile Include="$(LIBSASS_SRC_DIR)\context.cpp">
      <Filter>LibSass Sources</Filter>
    </ClCompile>
    <ClCompile Include="$(LIBSASS_SRC_DIR)\constants.cpp">
      <Filter>LibSass Sources</Filter>
    </ClCompile>
    <ClCompile Include="$(LIBSASS_SRC_DIR)\compiler.cpp">
      <Filter>LibSass Sources</Filter>
    </ClCompile>
    <ClCompile Include="$(LIBSASS_SRC_DIR)\fn_maps.cpp">
      <Filter>LibSass Sources</Filter>
    </ClCompile>
    <ClCompile Include="$(LIBSASS_SRC_DIR)\fn_lists.cpp">
      <Filter>LibSass Sources</Filter>
    </ClCompile>
    <ClCompile Include="$(LIBSASS_SRC_DIR)\fn_colors.cpp">
      <Filter>LibSass Sources</Filter>
    </ClCompile>
    <ClCompile Include="$(LIBSASS_SRC_DIR)\fn_numbers.cpp">
      <Filter>LibSass Sources</Filter>
    </ClCompile>
    <ClCompile Include="$(LIBSASS_SRC_DIR)\fn_texts.cpp">
      <Filter>LibSass Sources</Filter>
    </ClCompile>
    <ClCompile Include="$(LIBSASS_SRC_DIR)\fn_selectors.cpp">
      <Filter>LibSass Sources</Filter>
    </ClCompile>
    <ClCompile Include="$(LIBSASS_SRC_DIR)\fn_meta.cpp">
      <Filter>LibSass Sources</Filter>
    </ClCompile>
    <ClCompile Include="$(LIBSASS_SRC_DIR)\color_maps.cpp">
      <Filter>LibSass Sources</Filter>
    </ClCompile>
    <ClCompile Include="$(LIBSASS_SRC_DIR)\environment.cpp">
      <Filter>LibSass Sources</Filter>
    </ClCompile>
    <ClCompile Include="$(LIBSASS_SRC_DIR)\ast_fwd_decl.cpp">
      <Filter>LibSass Sources</Filter>
    </ClCompile>
    <ClCompile Include="$(LIBSASS_SRC_DIR)\file.cpp">
      <Filter>LibSass Sources</Filter>
    </ClCompile>
    <ClCompile Include="$(LIBSASS_SRC_DIR)\util_string.cpp">
      <Filter>LibSass Sources</Filter>
    </ClCompile>
    <ClCompile Include="$(LIBSASS_SRC_DIR)\string_utils.cpp">
      <Filter>LibSass Sources</Filter>
    </ClCompile>
    <ClCompile Include="$(LIBSASS_SRC_DIR)\logger.cpp">
      <Filter>LibSass Sources</Filter>
    </ClCompile>
    <ClCompile Include="$(LIBSASS_SRC_DIR)\strings.cpp">
      <Filter>LibSass Sources</Filter>
    </ClCompile>
    <ClCompile Include="$(LIBSASS_SRC_DIR)\json.cpp">
      <Filter>LibSass Sources</Filter>
    </ClCompile>
    <ClCompile Include="$(LIBSASS_SRC_DIR)\units.cpp">
      <Filter>LibSass Sources</Filter>
    </ClCompile>
    <ClCompile Include="$(LIBSASS_SRC_DIR)\plugins.cpp">
      <Filter>LibSass Sources</Filter>
    </ClCompile>
    <ClCompile Include="$(LIBSASS_SRC_DIR)\source.cpp">
      <Filter>LibSass Sources</Filter>
    </ClCompile>
    <ClCompile Include="$(LIBSASS_SRC_DIR)\offset.cpp">
      <Filter>LibSass Sources</Filter>
    </ClCompile>
    <ClCompile Include="$(LIBSASS_SRC_DIR)\eval.cpp">
      <Filter>LibSass Sources</Filter>
    </ClCompile>
    <ClCompile Include="$(LIBSASS_SRC_DIR)\randomize.cpp">
      <Filter>LibSass Sources</Filter>
    </ClCompile>
    <ClCompile Include="$(LIBSASS_SRC_DIR)\cssize.cpp">
      <Filter>LibSass Sources</Filter>
    </ClCompile>
    <ClCompile Include="$(LIBSASS_SRC_DIR)\extender.cpp">
      <Filter>LibSass Sources</Filter>
    </ClCompile>
    <ClCompile Include="$(LIBSASS_SRC_DIR)\extension.cpp">
      <Filter>LibSass Sources</Filter>
    </ClCompile>
    <ClCompile Include="$(LIBSASS_SRC_DIR)\stylesheet.cpp">
      <Filter>LibSass Sources</Filter>
    </ClCompile>
    <ClCompile Include="$(LIBSASS_SRC_DIR)\interpolation.cpp">
      <Filter>LibSass Sources</Filter>
    </ClCompile>
    <ClCompile Include="$(LIBSASS_SRC_DIR)\parser.cpp">
      <Filter>LibSass Sources</Filter>
    </ClCompile>
    <ClCompile Include="$(LIBSASS_SRC_DIR)\parser_css.cpp">
      <Filter>LibSass Sources</Filter>
    </ClCompile>
    <ClCompile Include="$(LIBSASS_SRC_DIR)\parser_base.cpp">
      <Filter>LibSass Sources</Filter>
    </ClCompile>
    <ClCompile Include="$(LIBSASS_SRC_DIR)\parser_scss.cpp">
      <Filter>LibSass Sources</Filter>
    </ClCompile>
    <ClCompile Include="$(LIBSASS_SRC_DIR)\parser_sass.cpp">
      <Filter>LibSass Sources</Filter>
    </ClCompile>
    <ClCompile Include="$(LIBSASS_SRC_DIR)\parser_selector.cpp">
      <Filter>LibSass Sources</Filter>
    </ClCompile>
    <ClCompile Include="$(LIBSASS_SRC_DIR)\parser_stylesheet.cpp">
      <Filter>LibSass Sources</Filter>
    </ClCompile>
    <ClCompile Include="$(LIBSASS_SRC_DIR)\parser_expression.cpp">
      <Filter>LibSass Sources</Filter>
    </ClCompile>
    <ClCompile Include="$(LIBSASS_SRC_DIR)\parser_media_query.cpp">
      <Filter>LibSass Sources</Filter>
    </ClCompile>
    <ClCompile Include="$(LIBSASS_SRC_DIR)\parser_at_root_query.cpp">
      <Filter>LibSass Sources</Filter>
    </ClCompile>
    <ClCompile Include="$(LIBSASS_SRC_DIR)\parser_keyframe_selector.cpp">
      <Filter>LibSass Sources</Filter>
    </ClCompile>
    <ClCompile Include="$(LIBSASS_SRC_DIR)\output.cpp">
      <Filter>LibSass Sources</Filter>
    </ClCompile>
    <ClCompile Include="$(LIBSASS_SRC_DIR)\inspect.cpp">
      <Filter>LibSass Sources</Filter>
    </ClCompile>
    <ClCompile Include="$(LIBSASS_SRC_DIR)\terminal.cpp">
      <Filter>LibSass Sources</Filter>
    </ClCompile>
    <ClCompile Include="$(LIBSASS_SRC_DIR)\emitter.cpp">
      <Filter>LibSass Sources</Filter>
    </ClCompile>
    <ClCompile Include="$(LIBSASS_SRC_DIR)\scanner_string.cpp">
      <Filter>LibSass Sources</Filter>
    </ClCompile>
    <ClCompile Include="$(LIBSASS_SRC_DIR)\remove_placeholders.cpp">
      <Filter>LibSass Sources</Filter>
    </ClCompile>
    <ClCompile Include="$(LIBSASS_SRC_DIR)\capi_sass.cpp">
      <Filter>LibSass Sources</Filter>
    </ClCompile>
    <ClCompile Include="$(LIBSASS_SRC_DIR)\capi_base.cpp">
      <Filter>LibSass Sources</Filter>
    </ClCompile>
    <ClCompile Include="$(LIBSASS_SRC_DIR)\capi_lists.cpp">
      <Filter>LibSass Sources</Filter>
    </ClCompile>
    <ClCompile Include="$(LIBSASS_SRC_DIR)\capi_error.cpp">
      <Filter>LibSass Sources</Filter>
    </ClCompile>
    <ClCompile Include="$(LIBSASS_SRC_DIR)\capi_values.cpp">
      <Filter>LibSass Sources</Filter>
    </ClCompile>
    <ClCompile Include="$(LIBSASS_SRC_DIR)\capi_context.cpp">
      <Filter>LibSass Sources</Filter>
    </ClCompile>
    <ClCompile Include="$(LIBSASS_SRC_DIR)\capi_compiler.cpp">
      <Filter>LibSass Sources</Filter>
    </ClCompile>
    <ClCompile Include="$(LIBSASS_SRC_DIR)\capi_functions.cpp">
      <Filter>LibSass Sources</Filter>
    </ClCompile>
    <ClCompile Include="$(LIBSASS_SRC_DIR)\character.cpp">
      <Filter>LibSass Sources</Filter>
    </ClCompile>
    <ClCompile Include="$(LIBSASS_SRC_DIR)\environment_stack.cpp">
      <Filter>LibSass Sources</Filter>
    </ClCompile>
    <ClCompile Include="$(LIBSASS_SRC_DIR)\source_map.cpp">
      <Filter>LibSass Sources</Filter>
    </ClCompile>
    <ClCompile Include="$(LIBSASS_SRC_DIR)\source_state.cpp">
      <Filter>LibSass Sources</Filter>
    </ClCompile>
    <ClCompile Include="$(LIBSASS_SRC_DIR)\source_span.cpp">
      <Filter>LibSass Sources</Filter>
    </ClCompile>
    <ClCompile Include="$(LIBSASS_SRC_DIR)\exceptions.cpp">
      <Filter>LibSass Sources</Filter>
    </ClCompile>
    <ClCompile Include="$(LIBSASS_SRC_DIR)\memory/allocator.cpp">
      <Filter>LibSass Sources</Filter>
    </ClCompile>
    <ClCompile Include="$(LIBSASS_SRC_DIR)\memory/shared_ptr.cpp">
      <Filter>LibSass Sources</Filter>
    </ClCompile>
    <ClCompile Include="$(LIBSASS_SRC_DIR)\LUrlParser/LUrlParser.cpp">
      <Filter>LibSass Sources</Filter>
    </ClCompile>
    <ClCompile Include="$(LIBSASS_SRC_DIR)\unicode.cpp">
      <Filter>LibSass Sources</Filter>
    </ClCompile>
    <ClCompile Include="$(LIBSASS_SRC_DIR)\cencode.cpp">
      <Filter>LibSass Sources</Filter>
    </ClCompile>
  </ItemGroup>
</Project>
