// !$*UTF8*$!
{
	archiveVersion = 1;
	classes = {
	};
	objectVersion = 46;
	objects = {

/* Begin PBXBuildFile section */
		AC19936E1ABA672600B77C5F /* libsass.a in Frameworks */ = {isa = PBXBuildFile; fileRef = AC19936D1ABA672600B77C5F /* libsass.a */; };
		AC78D32D1ABA323E00C1CF9C /* main.cpp in Sources */ = {isa = PBXBuildFile; fileRef = AC78D32C1ABA323E00C1CF9C /* main.cpp */; };
/* End PBXBuildFile section */

/* Begin PBXCopyFilesBuildPhase section */
		AC78D3271ABA323E00C1CF9C /* CopyFiles */ = {
			isa = PBXCopyFilesBuildPhase;
			buildActionMask = 2147483647;
			dstPath = /usr/share/man/man1/;
			dstSubfolderSpec = 0;
			files = (
			);
			runOnlyForDeploymentPostprocessing = 1;
		};
/* End PBXCopyFilesBuildPhase section */

/* Begin PBXFileReference section */
		AC19936D1ABA672600B77C5F /* libsass.a */ = {isa = PBXFileReference; lastKnownFileType = archive.ar; name = libsass.a; path = ../../lib/libsass.a; sourceTree = "<group>"; };
		AC78D3291ABA323E00C1CF9C /* dev */ = {isa = PBXFileReference; explicitFileType = "compiled.mach-o.executable"; includeInIndex = 0; path = dev; sourceTree = BUILT_PRODUCTS_DIR; };
		AC78D32C1ABA323E00C1CF9C /* main.cpp */ = {isa = PBXFileReference; lastKnownFileType = sourcecode.cpp.cpp; path = main.cpp; sourceTree = "<group>"; };
/* End PBXFileReference section */

/* Begin PBXFrameworksBuildPhase section */
		AC78D3261ABA323E00C1CF9C /* Frameworks */ = {
			isa = PBXFrameworksBuildPhase;
			buildActionMask = 2147483647;
			files = (
				AC19936E1ABA672600B77C5F /* libsass.a in Frameworks */,
			);
			runOnlyForDeploymentPostprocessing = 0;
		};
/* End PBXFrameworksBuildPhase section */

/* Begin PBXGroup section */
		AC78D3201ABA323E00C1CF9C = {
			isa = PBXGroup;
			children = (
				AC19936D1ABA672600B77C5F /* libsass.a */,
				AC78D32B1ABA323E00C1CF9C /* dev */,
				AC78D32A1ABA323E00C1CF9C /* Products */,
			);
			sourceTree = "<group>";
		};
		AC78D32A1ABA323E00C1CF9C /* Products */ = {
			isa = PBXGroup;
			children = (
				AC78D3291ABA323E00C1CF9C /* dev */,
			);
			name = Products;
			sourceTree = "<group>";
		};
		AC78D32B1ABA323E00C1CF9C /* dev */ = {
			isa = PBXGroup;
			children = (
				AC78D32C1ABA323E00C1CF9C /* main.cpp */,
			);
			path = dev;
			sourceTree = "<group>";
		};
/* End PBXGroup section */

/* Begin PBXNativeTarget section */
		AC78D3281ABA323E00C1CF9C /* dev */ = {
			isa = PBXNativeTarget;
			buildConfigurationList = AC78D3301ABA323E00C1CF9C /* Build configuration list for PBXNativeTarget "dev" */;
			buildPhases = (
				AC78D3251ABA323E00C1CF9C /* Sources */,
				AC78D3261ABA323E00C1CF9C /* Frameworks */,
				AC78D3271ABA323E00C1CF9C /* CopyFiles */,
			);
			buildRules = (
			);
			dependencies = (
			);
			name = dev;
			productName = dev;
			productReference = AC78D3291ABA323E00C1CF9C /* dev */;
			productType = "com.apple.product-type.tool";
		};
/* End PBXNativeTarget section */

/* Begin PBXProject section */
		AC78D3211ABA323E00C1CF9C /* Project object */ = {
			isa = PBXProject;
			attributes = {
				LastUpgradeCheck = 0610;
				ORGANIZATIONNAME = Sass;
				TargetAttributes = {
					AC78D3281ABA323E00C1CF9C = {
						CreatedOnToolsVersion = 6.1;
					};
				};
			};
			buildConfigurationList = AC78D3241ABA323E00C1CF9C /* Build configuration list for PBXProject "dev" */;
			compatibilityVersion = "Xcode 3.2";
			developmentRegion = English;
			hasScannedForEncodings = 0;
			knownRegions = (
				en,
			);
			mainGroup = AC78D3201ABA323E00C1CF9C;
			productRefGroup = AC78D32A1ABA323E00C1CF9C /* Products */;
			projectDirPath = "";
			projectRoot = "";
			targets = (
				AC78D3281ABA323E00C1CF9C /* dev */,
			);
		};
/* End PBXProject section */

/* Begin PBXSourcesBuildPhase section */
		AC78D3251ABA323E00C1CF9C /* Sources */ = {
			isa = PBXSourcesBuildPhase;
			buildActionMask = 2147483647;
			files = (
				AC78D32D1ABA323E00C1CF9C /* main.cpp in Sources */,
			);
			runOnlyForDeploymentPostprocessing = 0;
		};
/* End PBXSourcesBuildPhase section */

/* Begin XCBuildConfiguration section */
		AC78D32E1ABA323E00C1CF9C /* Debug */ = {
			isa = XCBuildConfiguration;
			buildSettings = {
				ALWAYS_SEARCH_USER_PATHS = NO;
				CLANG_CXX_LANGUAGE_STANDARD = "gnu++0x";
				CLANG_CXX_LIBRARY = "libc++";
				CLANG_ENABLE_MODULES = YES;
				CLANG_ENABLE_OBJC_ARC = YES;
				CLANG_WARN_BOOL_CONVERSION = YES;
				CLANG_WARN_CONSTANT_CONVERSION = YES;
				CLANG_WARN_DIRECT_OBJC_ISA_USAGE = YES_ERROR;
				CLANG_WARN_EMPTY_BODY = YES;
				CLANG_WARN_ENUM_CONVERSION = YES;
				CLANG_WARN_INT_CONVERSION = YES;
				CLANG_WARN_OBJC_ROOT_CLASS = YES_ERROR;
				CLANG_WARN_UNREACHABLE_CODE = YES;
				CLANG_WARN__DUPLICATE_METHOD_MATCH = YES;
				COPY_PHASE_STRIP = NO;
				ENABLE_STRICT_OBJC_MSGSEND = YES;
				GCC_C_LANGUAGE_STANDARD = gnu99;
				GCC_DYNAMIC_NO_PIC = NO;
				GCC_OPTIMIZATION_LEVEL = 0;
				GCC_PREPROCESSOR_DEFINITIONS = (
					"DEBUG=1",
					"$(inherited)",
				);
				GCC_SYMBOLS_PRIVATE_EXTERN = NO;
				GCC_WARN_64_TO_32_BIT_CONVERSION = YES;
				GCC_WARN_ABOUT_RETURN_TYPE = YES_ERROR;
				GCC_WARN_UNDECLARED_SELECTOR = YES;
				GCC_WARN_UNINITIALIZED_AUTOS = YES_AGGRESSIVE;
				GCC_WARN_UNUSED_FUNCTION = YES;
				GCC_WARN_UNUSED_VARIABLE = YES;
				MACOSX_DEPLOYMENT_TARGET = 10.10;
				MTL_ENABLE_DEBUG_INFO = YES;
				ONLY_ACTIVE_ARCH = YES;
				SDKROOT = macosx;
			};
			name = Debug;
		};
		AC78D32F1ABA323E00C1CF9C /* Release */ = {
			isa = XCBuildConfiguration;
			buildSettings = {
				ALWAYS_SEARCH_USER_PATHS = NO;
				CLANG_CXX_LANGUAGE_STANDARD = "gnu++0x";
				CLANG_CXX_LIBRARY = "libc++";
				CLANG_ENABLE_MODULES = YES;
				CLANG_ENABLE_OBJC_ARC = YES;
				CLANG_WARN_BOOL_CONVERSION = YES;
				CLANG_WARN_CONSTANT_CONVERSION = YES;
				CLANG_WARN_DIRECT_OBJC_ISA_USAGE = YES_ERROR;
				CLANG_WARN_EMPTY_BODY = YES;
				CLANG_WARN_ENUM_CONVERSION = YES;
				CLANG_WARN_INT_CONVERSION = YES;
				CLANG_WARN_OBJC_ROOT_CLASS = YES_ERROR;
				CLANG_WARN_UNREACHABLE_CODE = YES;
				CLANG_WARN__DUPLICATE_METHOD_MATCH = YES;
				COPY_PHASE_STRIP = YES;
				DEBUG_INFORMATION_FORMAT = "dwarf-with-dsym";
				ENABLE_NS_ASSERTIONS = NO;
				ENABLE_STRICT_OBJC_MSGSEND = YES;
				GCC_C_LANGUAGE_STANDARD = gnu99;
				GCC_WARN_64_TO_32_BIT_CONVERSION = YES;
				GCC_WARN_ABOUT_RETURN_TYPE = YES_ERROR;
				GCC_WARN_UNDECLARED_SELECTOR = YES;
				GCC_WARN_UNINITIALIZED_AUTOS = YES_AGGRESSIVE;
				GCC_WARN_UNUSED_FUNCTION = YES;
				GCC_WARN_UNUSED_VARIABLE = YES;
				MACOSX_DEPLOYMENT_TARGET = 10.10;
				MTL_ENABLE_DEBUG_INFO = NO;
				SDKROOT = macosx;
			};
			name = Release;
		};
		AC78D3311ABA323E00C1CF9C /* Debug */ = {
			isa = XCBuildConfiguration;
			buildSettings = {
				LIBRARY_SEARCH_PATHS = (
					"$(inherited)",
					"/Users/mario/Development/interactive-git/GITHUB/lib",
					"/Users/mario/Development/interactive-git/GITHUB/libsass/lib",
				);
				PRODUCT_NAME = "$(TARGET_NAME)";
			};
			name = Debug;
		};
		AC78D3321ABA323E00C1CF9C /* Release */ = {
			isa = XCBuildConfiguration;
			buildSettings = {
				LIBRARY_SEARCH_PATHS = (
					"$(inherited)",
					"/Users/mario/Development/interactive-git/GITHUB/lib",
					"/Users/mario/Development/interactive-git/GITHUB/libsass/lib",
				);
				PRODUCT_NAME = "$(TARGET_NAME)";
			};
			name = Release;
		};
/* End XCBuildConfiguration section */

/* Begin XCConfigurationList section */
		AC78D3241ABA323E00C1CF9C /* Build configuration list for PBXProject "dev" */ = {
			isa = XCConfigurationList;
			buildConfigurations = (
				AC78D32E1ABA323E00C1CF9C /* Debug */,
				AC78D32F1ABA323E00C1CF9C /* Release */,
			);
			defaultConfigurationIsVisible = 0;
			defaultConfigurationName = Release;
		};
		AC78D3301ABA323E00C1CF9C /* Build configuration list for PBXNativeTarget "dev" */ = {
			isa = XCConfigurationList;
			buildConfigurations = (
				AC78D3311ABA323E00C1CF9C /* Debug */,
				AC78D3321ABA323E00C1CF9C /* Release */,
			);
			defaultConfigurationIsVisible = 0;
			defaultConfigurationName = Release;
		};
/* End XCConfigurationList section */
	};
	rootObject = AC78D3211ABA323E00C1CF9C /* Project object */;
}
